
Microsoft Visual Studio Solution File, Format Version 12.00
# Visual Studio Version 17
VisualStudioVersion = 17.9.34321.82
MinimumVisualStudioVersion = 10.0.40219.1
Project("{FAE04EC0-301F-11D3-BF4B-00C04F79EFBC}") = "comofazercastingeusarfnofloateepontonodouble", "comofazercasting\comofazercastingeusarfnofloateepontonodouble.csproj", "{179257B0-8B27-4E1C-9EB0-65E26569D1BA}"
EndProject
Global
	GlobalSection(SolutionConfigurationPlatforms) = preSolution
		Debug|Any CPU = Debug|Any CPU
		Release|Any CPU = Release|Any CPU
	EndGlobalSection
	GlobalSection(ProjectConfigurationPlatforms) = postSolution
		{179257B0-8B27-4E1C-9EB0-65E26569D1BA}.Debug|Any CPU.ActiveCfg = Debug|Any CPU
		{179257B0-8B27-4E1C-9EB0-65E26569D1BA}.Debug|Any CPU.Build.0 = Debug|Any CPU
		{179257B0-8B27-4E1C-9EB0-65E26569D1BA}.Release|Any CPU.ActiveCfg = Release|Any CPU
		{179257B0-8B27-4E1C-9EB0-65E26569D1BA}.Release|Any CPU.Build.0 = Release|Any CPU
	EndGlobalSection
	GlobalSection(SolutionProperties) = preSolution
		HideSolutionNode = FALSE
	EndGlobalSection
	GlobalSection(ExtensibilityGlobals) = postSolution
		SolutionGuid = {57125FD8-5ECE-4F97-8147-9E5883816C46}
	EndGlobalSection
EndGlobal
