
Microsoft Visual Studio Solution File, Format Version 12.00
# Visual Studio Version 17
VisualStudioVersion = 17.9.34321.82
MinimumVisualStudioVersion = 10.0.40219.1
Project("{FAE04EC0-301F-11D3-BF4B-00C04F79EFBC}") = "Operadoresdeatribuiçãocumulativa", "Operadoresdeatribuiçãocumulativa\Operadoresdeatribuiçãocumulativa.csproj", "{F90C9DB7-F9F7-4D37-B7BB-AFCF29F434CB}"
EndProject
Global
	GlobalSection(SolutionConfigurationPlatforms) = preSolution
		Debug|Any CPU = Debug|Any CPU
		Release|Any CPU = Release|Any CPU
	EndGlobalSection
	GlobalSection(ProjectConfigurationPlatforms) = postSolution
		{F90C9DB7-F9F7-4D37-B7BB-AFCF29F434CB}.Debug|Any CPU.ActiveCfg = Debug|Any CPU
		{F90C9DB7-F9F7-4D37-B7BB-AFCF29F434CB}.Debug|Any CPU.Build.0 = Debug|Any CPU
		{F90C9DB7-F9F7-4D37-B7BB-AFCF29F434CB}.Release|Any CPU.ActiveCfg = Release|Any CPU
		{F90C9DB7-F9F7-4D37-B7BB-AFCF29F434CB}.Release|Any CPU.Build.0 = Release|Any CPU
	EndGlobalSection
	GlobalSection(SolutionProperties) = preSolution
		HideSolutionNode = FALSE
	EndGlobalSection
	GlobalSection(ExtensibilityGlobals) = postSolution
		SolutionGuid = {0A2D49A1-74BF-45EB-9250-AE548A460ADE}
	EndGlobalSection
EndGlobal
